<?xml version="1.0" encoding="utf-8"?>
<Project ToolsVersion="4.0" xmlns="http://schemas.microsoft.com/developer/msbuild/2003">
  <ItemGroup>
    <Filter Include="Source">
      <UniqueIdentifier>{dffd8fc0-349e-492a-bbff-b8a28b8b49cb}</UniqueIdentifier>
    </Filter>
    <Filter Include="Source\Editor">
      <UniqueIdentifier>{90e3d757-eaf7-4e91-8d90-10615486c31a}</UniqueIdentifier>
    </Filter>
    <Filter Include="Source\Runtime">
      <UniqueIdentifier>{e7a55c07-a007-43c4-a36c-e8e78aaaebfb}</UniqueIdentifier>
    </Filter>
    <Filter Include="Source\ThirdParty">
      <UniqueIdentifier>{070e30e1-232b-4e73-907d-c8aacec9b2d5}</UniqueIdentifier>
    </Filter>
    <Filter Include="Source\Runtime\Launch">
      <UniqueIdentifier>{b7559d6b-ab36-410d-a2b4-837915e4073c}</UniqueIdentifier>
    </Filter>
    <Filter Include="Source\Runtime\Launch\Public">
      <UniqueIdentifier>{e8781c9a-d1f2-4770-bc78-455bbceedf61}</UniqueIdentifier>
    </Filter>
    <Filter Include="Source\Runtime\Launch\Private">
      <UniqueIdentifier>{5cab4746-4caf-4f97-8c2e-6c919fc2120f}</UniqueIdentifier>
    </Filter>
    <Filter Include="Source\Runtime\Core">
      <UniqueIdentifier>{9be94427-1098-4d7b-9380-042d84163d12}</UniqueIdentifier>
    </Filter>
    <Filter Include="Source\Runtime\Core\Public">
      <UniqueIdentifier>{f89eb70d-ff56-4d7d-a052-502bc2284e2c}</UniqueIdentifier>
    </Filter>
    <Filter Include="Source\Runtime\Core\Private">
      <UniqueIdentifier>{521302c3-def7-4462-86fb-cb57fd569583}</UniqueIdentifier>
    </Filter>
    <Filter Include="Source\ThirdParty\SDL2">
      <UniqueIdentifier>{f531f363-788a-4b03-83a0-9edaf91b978e}</UniqueIdentifier>
    </Filter>
    <Filter Include="Source\ThirdParty\SDL2\Public">
      <UniqueIdentifier>{e39097e5-b06f-42f7-a4c3-1f97494cf6d0}</UniqueIdentifier>
    </Filter>
    <Filter Include="Source\ThirdParty\imgui">
      <UniqueIdentifier>{2b1e61fb-06a5-4881-8ce3-e8353495d5a2}</UniqueIdentifier>
    </Filter>
    <Filter Include="Source\ThirdParty\imgui_sdl">
      <UniqueIdentifier>{795d5a0f-194e-458d-a3f2-494a452a78be}</UniqueIdentifier>
    </Filter>
    <Filter Include="Source\ThirdParty\imgui\Public">
      <UniqueIdentifier>{165e261c-d9d9-4ef4-9b8d-5f124afd7f0e}</UniqueIdentifier>
    </Filter>
    <Filter Include="Source\ThirdParty\imgui_sdl\Public">
      <UniqueIdentifier>{ac690742-cf66-4245-99db-8b2a7c11f930}</UniqueIdentifier>
    </Filter>
  </ItemGroup>
  <ItemGroup>
    <ClCompile Include="Source\Runtime\Launch\Private\Windows\LaunchWindows.cpp">
      <Filter>Source\Runtime\Launch\Private</Filter>
    </ClCompile>
    <ClCompile Include="Source\Runtime\Launch\Private\EngineLoop.cpp">
      <Filter>Source\Runtime\Launch\Private</Filter>
    </ClCompile>
    <ClCompile Include="Source\Runtime\Core\Private\AssetManager.cpp">
      <Filter>Source\Runtime\Core\Private</Filter>
    </ClCompile>
    <ClCompile Include="Source\Runtime\Core\Private\CoreGlobals.cpp">
      <Filter>Source\Runtime\Core\Private</Filter>
    </ClCompile>
    <ClCompile Include="Source\ThirdParty\imgui\Public\imgui.cpp">
      <Filter>Source\ThirdParty\imgui\Public</Filter>
    </ClCompile>
    <ClCompile Include="Source\ThirdParty\imgui\Public\imgui_demo.cpp">
      <Filter>Source\ThirdParty\imgui\Public</Filter>
    </ClCompile>
    <ClCompile Include="Source\ThirdParty\imgui\Public\imgui_draw.cpp">
      <Filter>Source\ThirdParty\imgui\Public</Filter>
    </ClCompile>
    <ClCompile Include="Source\ThirdParty\imgui\Public\imgui_impl_sdl.cpp">
      <Filter>Source\ThirdParty\imgui\Public</Filter>
    </ClCompile>
    <ClCompile Include="Source\ThirdParty\imgui\Public\imgui_widgets.cpp">
      <Filter>Source\ThirdParty\imgui\Public</Filter>
    </ClCompile>
    <ClCompile Include="Source\ThirdParty\imgui_sdl\Public\imgui_sdl.cpp">
      <Filter>Source\ThirdParty\imgui_sdl\Public</Filter>
    </ClCompile>
    <ClCompile Include="Source\Runtime\Launch\Private\GameEngine.cpp">
      <Filter>Source\Runtime\Launch\Private</Filter>
    </ClCompile>
    <ClCompile Include="Source\Runtime\Launch\Private\EditorEngine.cpp">
      <Filter>Source\Runtime\Launch\Private</Filter>
    </ClCompile>
  </ItemGroup>
  <ItemGroup>
    <ClInclude Include="Source\Runtime\Core\Public\CoreMinimal.h">
      <Filter>Source\Runtime\Core\Public</Filter>
    </ClInclude>
    <ClInclude Include="Source\Runtime\Core\Public\CoreTypes.h">
      <Filter>Source\Runtime\Core\Public</Filter>
    </ClInclude>
    <ClInclude Include="Source\ThirdParty\SDL\Public\begin_code.h">
      <Filter>Source\ThirdParty\SDL2\Public</Filter>
    </ClInclude>
    <ClInclude Include="Source\ThirdParty\SDL\Public\close_code.h">
      <Filter>Source\ThirdParty\SDL2\Public</Filter>
    </ClInclude>
    <ClInclude Include="Source\ThirdParty\SDL\Public\SDL.h">
      <Filter>Source\ThirdParty\SDL2\Public</Filter>
    </ClInclude>
    <ClInclude Include="Source\ThirdParty\SDL\Public\SDL_assert.h">
      <Filter>Source\ThirdParty\SDL2\Public</Filter>
    </ClInclude>
    <ClInclude Include="Source\ThirdParty\SDL\Public\SDL_atomic.h">
      <Filter>Source\ThirdParty\SDL2\Public</Filter>
    </ClInclude>
    <ClInclude Include="Source\ThirdParty\SDL\Public\SDL_audio.h">
      <Filter>Source\ThirdParty\SDL2\Public</Filter>
    </ClInclude>
    <ClInclude Include="Source\ThirdParty\SDL\Public\SDL_bits.h">
      <Filter>Source\ThirdParty\SDL2\Public</Filter>
    </ClInclude>
    <ClInclude Include="Source\ThirdParty\SDL\Public\SDL_blendmode.h">
      <Filter>Source\ThirdParty\SDL2\Public</Filter>
    </ClInclude>
    <ClInclude Include="Source\ThirdParty\SDL\Public\SDL_clipboard.h">
      <Filter>Source\ThirdParty\SDL2\Public</Filter>
    </ClInclude>
    <ClInclude Include="Source\ThirdParty\SDL\Public\SDL_config.h">
      <Filter>Source\ThirdParty\SDL2\Public</Filter>
    </ClInclude>
    <ClInclude Include="Source\ThirdParty\SDL\Public\SDL_config_android.h">
      <Filter>Source\ThirdParty\SDL2\Public</Filter>
    </ClInclude>
    <ClInclude Include="Source\ThirdParty\SDL\Public\SDL_config_iphoneos.h">
      <Filter>Source\ThirdParty\SDL2\Public</Filter>
    </ClInclude>
    <ClInclude Include="Source\ThirdParty\SDL\Public\SDL_config_macosx.h">
      <Filter>Source\ThirdParty\SDL2\Public</Filter>
    </ClInclude>
    <ClInclude Include="Source\ThirdParty\SDL\Public\SDL_config_minimal.h">
      <Filter>Source\ThirdParty\SDL2\Public</Filter>
    </ClInclude>
    <ClInclude Include="Source\ThirdParty\SDL\Public\SDL_config_pandora.h">
      <Filter>Source\ThirdParty\SDL2\Public</Filter>
    </ClInclude>
    <ClInclude Include="Source\ThirdParty\SDL\Public\SDL_config_psp.h">
      <Filter>Source\ThirdParty\SDL2\Public</Filter>
    </ClInclude>
    <ClInclude Include="Source\ThirdParty\SDL\Public\SDL_config_windows.h">
      <Filter>Source\ThirdParty\SDL2\Public</Filter>
    </ClInclude>
    <ClInclude Include="Source\ThirdParty\SDL\Public\SDL_config_winrt.h">
      <Filter>Source\ThirdParty\SDL2\Public</Filter>
    </ClInclude>
    <ClInclude Include="Source\ThirdParty\SDL\Public\SDL_config_wiz.h">
      <Filter>Source\ThirdParty\SDL2\Public</Filter>
    </ClInclude>
    <ClInclude Include="Source\ThirdParty\SDL\Public\SDL_copying.h">
      <Filter>Source\ThirdParty\SDL2\Public</Filter>
    </ClInclude>
    <ClInclude Include="Source\ThirdParty\SDL\Public\SDL_cpuinfo.h">
      <Filter>Source\ThirdParty\SDL2\Public</Filter>
    </ClInclude>
    <ClInclude Include="Source\ThirdParty\SDL\Public\SDL_egl.h">
      <Filter>Source\ThirdParty\SDL2\Public</Filter>
    </ClInclude>
    <ClInclude Include="Source\ThirdParty\SDL\Public\SDL_endian.h">
      <Filter>Source\ThirdParty\SDL2\Public</Filter>
    </ClInclude>
    <ClInclude Include="Source\ThirdParty\SDL\Public\SDL_error.h">
      <Filter>Source\ThirdParty\SDL2\Public</Filter>
    </ClInclude>
    <ClInclude Include="Source\ThirdParty\SDL\Public\SDL_events.h">
      <Filter>Source\ThirdParty\SDL2\Public</Filter>
    </ClInclude>
    <ClInclude Include="Source\ThirdParty\SDL\Public\SDL_filesystem.h">
      <Filter>Source\ThirdParty\SDL2\Public</Filter>
    </ClInclude>
    <ClInclude Include="Source\ThirdParty\SDL\Public\SDL_gamecontroller.h">
      <Filter>Source\ThirdParty\SDL2\Public</Filter>
    </ClInclude>
    <ClInclude Include="Source\ThirdParty\SDL\Public\SDL_gesture.h">
      <Filter>Source\ThirdParty\SDL2\Public</Filter>
    </ClInclude>
    <ClInclude Include="Source\ThirdParty\SDL\Public\SDL_haptic.h">
      <Filter>Source\ThirdParty\SDL2\Public</Filter>
    </ClInclude>
    <ClInclude Include="Source\ThirdParty\SDL\Public\SDL_hints.h">
      <Filter>Source\ThirdParty\SDL2\Public</Filter>
    </ClInclude>
    <ClInclude Include="Source\ThirdParty\SDL\Public\SDL_joystick.h">
      <Filter>Source\ThirdParty\SDL2\Public</Filter>
    </ClInclude>
    <ClInclude Include="Source\ThirdParty\SDL\Public\SDL_keyboard.h">
      <Filter>Source\ThirdParty\SDL2\Public</Filter>
    </ClInclude>
    <ClInclude Include="Source\ThirdParty\SDL\Public\SDL_keycode.h">
      <Filter>Source\ThirdParty\SDL2\Public</Filter>
    </ClInclude>
    <ClInclude Include="Source\ThirdParty\SDL\Public\SDL_loadso.h">
      <Filter>Source\ThirdParty\SDL2\Public</Filter>
    </ClInclude>
    <ClInclude Include="Source\ThirdParty\SDL\Public\SDL_locale.h">
      <Filter>Source\ThirdParty\SDL2\Public</Filter>
    </ClInclude>
    <ClInclude Include="Source\ThirdParty\SDL\Public\SDL_log.h">
      <Filter>Source\ThirdParty\SDL2\Public</Filter>
    </ClInclude>
    <ClInclude Include="Source\ThirdParty\SDL\Public\SDL_main.h">
      <Filter>Source\ThirdParty\SDL2\Public</Filter>
    </ClInclude>
    <ClInclude Include="Source\ThirdParty\SDL\Public\SDL_messagebox.h">
      <Filter>Source\ThirdParty\SDL2\Public</Filter>
    </ClInclude>
    <ClInclude Include="Source\ThirdParty\SDL\Public\SDL_metal.h">
      <Filter>Source\ThirdParty\SDL2\Public</Filter>
    </ClInclude>
    <ClInclude Include="Source\ThirdParty\SDL\Public\SDL_misc.h">
      <Filter>Source\ThirdParty\SDL2\Public</Filter>
    </ClInclude>
    <ClInclude Include="Source\ThirdParty\SDL\Public\SDL_mouse.h">
      <Filter>Source\ThirdParty\SDL2\Public</Filter>
    </ClInclude>
    <ClInclude Include="Source\ThirdParty\SDL\Public\SDL_mutex.h">
      <Filter>Source\ThirdParty\SDL2\Public</Filter>
    </ClInclude>
    <ClInclude Include="Source\ThirdParty\SDL\Public\SDL_name.h">
      <Filter>Source\ThirdParty\SDL2\Public</Filter>
    </ClInclude>
    <ClInclude Include="Source\ThirdParty\SDL\Public\SDL_opengl.h">
      <Filter>Source\ThirdParty\SDL2\Public</Filter>
    </ClInclude>
    <ClInclude Include="Source\ThirdParty\SDL\Public\SDL_opengl_glext.h">
      <Filter>Source\ThirdParty\SDL2\Public</Filter>
    </ClInclude>
    <ClInclude Include="Source\ThirdParty\SDL\Public\SDL_opengles.h">
      <Filter>Source\ThirdParty\SDL2\Public</Filter>
    </ClInclude>
    <ClInclude Include="Source\ThirdParty\SDL\Public\SDL_opengles2.h">
      <Filter>Source\ThirdParty\SDL2\Public</Filter>
    </ClInclude>
    <ClInclude Include="Source\ThirdParty\SDL\Public\SDL_opengles2_gl2.h">
      <Filter>Source\ThirdParty\SDL2\Public</Filter>
    </ClInclude>
    <ClInclude Include="Source\ThirdParty\SDL\Public\SDL_opengles2_gl2ext.h">
      <Filter>Source\ThirdParty\SDL2\Public</Filter>
    </ClInclude>
    <ClInclude Include="Source\ThirdParty\SDL\Public\SDL_opengles2_gl2platform.h">
      <Filter>Source\ThirdParty\SDL2\Public</Filter>
    </ClInclude>
    <ClInclude Include="Source\ThirdParty\SDL\Public\SDL_opengles2_khrplatform.h">
      <Filter>Source\ThirdParty\SDL2\Public</Filter>
    </ClInclude>
    <ClInclude Include="Source\ThirdParty\SDL\Public\SDL_pixels.h">
      <Filter>Source\ThirdParty\SDL2\Public</Filter>
    </ClInclude>
    <ClInclude Include="Source\ThirdParty\SDL\Public\SDL_platform.h">
      <Filter>Source\ThirdParty\SDL2\Public</Filter>
    </ClInclude>
    <ClInclude Include="Source\ThirdParty\SDL\Public\SDL_power.h">
      <Filter>Source\ThirdParty\SDL2\Public</Filter>
    </ClInclude>
    <ClInclude Include="Source\ThirdParty\SDL\Public\SDL_quit.h">
      <Filter>Source\ThirdParty\SDL2\Public</Filter>
    </ClInclude>
    <ClInclude Include="Source\ThirdParty\SDL\Public\SDL_rect.h">
      <Filter>Source\ThirdParty\SDL2\Public</Filter>
    </ClInclude>
    <ClInclude Include="Source\ThirdParty\SDL\Public\SDL_render.h">
      <Filter>Source\ThirdParty\SDL2\Public</Filter>
    </ClInclude>
    <ClInclude Include="Source\ThirdParty\SDL\Public\SDL_revision.h">
      <Filter>Source\ThirdParty\SDL2\Public</Filter>
    </ClInclude>
    <ClInclude Include="Source\ThirdParty\SDL\Public\SDL_rwops.h">
      <Filter>Source\ThirdParty\SDL2\Public</Filter>
    </ClInclude>
    <ClInclude Include="Source\ThirdParty\SDL\Public\SDL_scancode.h">
      <Filter>Source\ThirdParty\SDL2\Public</Filter>
    </ClInclude>
    <ClInclude Include="Source\ThirdParty\SDL\Public\SDL_sensor.h">
      <Filter>Source\ThirdParty\SDL2\Public</Filter>
    </ClInclude>
    <ClInclude Include="Source\ThirdParty\SDL\Public\SDL_shape.h">
      <Filter>Source\ThirdParty\SDL2\Public</Filter>
    </ClInclude>
    <ClInclude Include="Source\ThirdParty\SDL\Public\SDL_stdinc.h">
      <Filter>Source\ThirdParty\SDL2\Public</Filter>
    </ClInclude>
    <ClInclude Include="Source\ThirdParty\SDL\Public\SDL_surface.h">
      <Filter>Source\ThirdParty\SDL2\Public</Filter>
    </ClInclude>
    <ClInclude Include="Source\ThirdParty\SDL\Public\SDL_system.h">
      <Filter>Source\ThirdParty\SDL2\Public</Filter>
    </ClInclude>
    <ClInclude Include="Source\ThirdParty\SDL\Public\SDL_syswm.h">
      <Filter>Source\ThirdParty\SDL2\Public</Filter>
    </ClInclude>
    <ClInclude Include="Source\ThirdParty\SDL\Public\SDL_test.h">
      <Filter>Source\ThirdParty\SDL2\Public</Filter>
    </ClInclude>
    <ClInclude Include="Source\ThirdParty\SDL\Public\SDL_test_assert.h">
      <Filter>Source\ThirdParty\SDL2\Public</Filter>
    </ClInclude>
    <ClInclude Include="Source\ThirdParty\SDL\Public\SDL_test_common.h">
      <Filter>Source\ThirdParty\SDL2\Public</Filter>
    </ClInclude>
    <ClInclude Include="Source\ThirdParty\SDL\Public\SDL_test_compare.h">
      <Filter>Source\ThirdParty\SDL2\Public</Filter>
    </ClInclude>
    <ClInclude Include="Source\ThirdParty\SDL\Public\SDL_test_crc32.h">
      <Filter>Source\ThirdParty\SDL2\Public</Filter>
    </ClInclude>
    <ClInclude Include="Source\ThirdParty\SDL\Public\SDL_test_font.h">
      <Filter>Source\ThirdParty\SDL2\Public</Filter>
    </ClInclude>
    <ClInclude Include="Source\ThirdParty\SDL\Public\SDL_test_fuzzer.h">
      <Filter>Source\ThirdParty\SDL2\Public</Filter>
    </ClInclude>
    <ClInclude Include="Source\ThirdParty\SDL\Public\SDL_test_harness.h">
      <Filter>Source\ThirdParty\SDL2\Public</Filter>
    </ClInclude>
    <ClInclude Include="Source\ThirdParty\SDL\Public\SDL_test_images.h">
      <Filter>Source\ThirdParty\SDL2\Public</Filter>
    </ClInclude>
    <ClInclude Include="Source\ThirdParty\SDL\Public\SDL_test_log.h">
      <Filter>Source\ThirdParty\SDL2\Public</Filter>
    </ClInclude>
    <ClInclude Include="Source\ThirdParty\SDL\Public\SDL_test_md5.h">
      <Filter>Source\ThirdParty\SDL2\Public</Filter>
    </ClInclude>
    <ClInclude Include="Source\ThirdParty\SDL\Public\SDL_test_memory.h">
      <Filter>Source\ThirdParty\SDL2\Public</Filter>
    </ClInclude>
    <ClInclude Include="Source\ThirdParty\SDL\Public\SDL_test_random.h">
      <Filter>Source\ThirdParty\SDL2\Public</Filter>
    </ClInclude>
    <ClInclude Include="Source\ThirdParty\SDL\Public\SDL_thread.h">
      <Filter>Source\ThirdParty\SDL2\Public</Filter>
    </ClInclude>
    <ClInclude Include="Source\ThirdParty\SDL\Public\SDL_timer.h">
      <Filter>Source\ThirdParty\SDL2\Public</Filter>
    </ClInclude>
    <ClInclude Include="Source\ThirdParty\SDL\Public\SDL_touch.h">
      <Filter>Source\ThirdParty\SDL2\Public</Filter>
    </ClInclude>
    <ClInclude Include="Source\ThirdParty\SDL\Public\SDL_types.h">
      <Filter>Source\ThirdParty\SDL2\Public</Filter>
    </ClInclude>
    <ClInclude Include="Source\ThirdParty\SDL\Public\SDL_version.h">
      <Filter>Source\ThirdParty\SDL2\Public</Filter>
    </ClInclude>
    <ClInclude Include="Source\ThirdParty\SDL\Public\SDL_video.h">
      <Filter>Source\ThirdParty\SDL2\Public</Filter>
    </ClInclude>
    <ClInclude Include="Source\ThirdParty\SDL\Public\SDL_vulkan.h">
      <Filter>Source\ThirdParty\SDL2\Public</Filter>
    </ClInclude>
    <ClInclude Include="Source\Runtime\Launch\Public\EngineLoop.h">
      <Filter>Source\Runtime\Launch\Public</Filter>
    </ClInclude>
    <ClInclude Include="Source\Runtime\Core\Public\AssetManager.h">
      <Filter>Source\Runtime\Core\Public</Filter>
    </ClInclude>
    <ClInclude Include="Source\ThirdParty\imgui\Public\imconfig.h">
      <Filter>Source\ThirdParty\imgui\Public</Filter>
    </ClInclude>
    <ClInclude Include="Source\ThirdParty\imgui\Public\imgui.h">
      <Filter>Source\ThirdParty\imgui\Public</Filter>
    </ClInclude>
    <ClInclude Include="Source\ThirdParty\imgui\Public\imgui_impl_sdl.h">
      <Filter>Source\ThirdParty\imgui\Public</Filter>
    </ClInclude>
    <ClInclude Include="Source\ThirdParty\imgui\Public\imgui_internal.h">
      <Filter>Source\ThirdParty\imgui\Public</Filter>
    </ClInclude>
    <ClInclude Include="Source\ThirdParty\imgui\Public\imstb_rectpack.h">
      <Filter>Source\ThirdParty\imgui\Public</Filter>
    </ClInclude>
    <ClInclude Include="Source\ThirdParty\imgui\Public\imstb_textedit.h">
      <Filter>Source\ThirdParty\imgui\Public</Filter>
    </ClInclude>
    <ClInclude Include="Source\ThirdParty\imgui\Public\imstb_truetype.h">
      <Filter>Source\ThirdParty\imgui\Public</Filter>
    </ClInclude>
    <ClInclude Include="Source\ThirdParty\imgui_sdl\Public\imgui_sdl.h">
      <Filter>Source\ThirdParty\imgui_sdl\Public</Filter>
    </ClInclude>
    <ClInclude Include="Source\Runtime\Launch\Public\GameEngine.h">
      <Filter>Source\Runtime\Launch\Public</Filter>
    </ClInclude>
    <ClInclude Include="Source\Runtime\Launch\Public\EditorEngine.h">
      <Filter>Source\Runtime\Launch\Public</Filter>
    </ClInclude>
    <ClInclude Include="Source\Runtime\Core\Public\CoreDefines.h">
      <Filter>Source\Runtime\Core\Public</Filter>
    </ClInclude>
  </ItemGroup>
  <ItemGroup>
    <None Include="Source\ThirdParty\SDL\Public\SDL_config.h.cmake">
      <Filter>Source\ThirdParty\SDL2\Public</Filter>
    </None>
    <None Include="Source\ThirdParty\SDL\Public\SDL_config.h.in">
      <Filter>Source\ThirdParty\SDL2\Public</Filter>
    </None>
    <None Include="Source\ThirdParty\SDL\Public\SDL_config_macosx.h.orig">
      <Filter>Source\ThirdParty\SDL2\Public</Filter>
    </None>
  </ItemGroup>
</Project>